
Microsoft Visual Studio Solution File, Format Version 12.00
# Visual Studio Version 17
VisualStudioVersion = 17.1.32319.34
MinimumVisualStudioVersion = 10.0.40219.1
Project("{9A19103F-16F7-4668-BE54-9A1E7A4F7556}") = "RabbitMQWrapper", "RabbitMQWrapper\RabbitMQWrapper.csproj", "{450F3D85-57C0-4F12-80B4-4084B69D2143}"
EndProject
Project("{9A19103F-16F7-4668-BE54-9A1E7A4F7556}") = "Consumer", "Consumer\Consumer.csproj", "{34EA7ABD-18B4-4695-802F-B069CA989040}"
EndProject
Project("{9A19103F-16F7-4668-BE54-9A1E7A4F7556}") = "Producer", "Producer\Producer.csproj", "{6DA826CB-9332-4B37-9466-E711494FBD62}"
EndProject
Global
	GlobalSection(SolutionConfigurationPlatforms) = preSolution
		Debug|Any CPU = Debug|Any CPU
		Debug|x64 = Debug|x64
		Release|Any CPU = Release|Any CPU
		Release|x64 = Release|x64
	EndGlobalSection
	GlobalSection(ProjectConfigurationPlatforms) = postSolution
		{450F3D85-57C0-4F12-80B4-4084B69D2143}.Debug|Any CPU.ActiveCfg = Debug|Any CPU
		{450F3D85-57C0-4F12-80B4-4084B69D2143}.Debug|Any CPU.Build.0 = Debug|Any CPU
		{450F3D85-57C0-4F12-80B4-4084B69D2143}.Debug|x64.ActiveCfg = Debug|x64
		{450F3D85-57C0-4F12-80B4-4084B69D2143}.Debug|x64.Build.0 = Debug|x64
		{450F3D85-57C0-4F12-80B4-4084B69D2143}.Release|Any CPU.ActiveCfg = Release|Any CPU
		{450F3D85-57C0-4F12-80B4-4084B69D2143}.Release|Any CPU.Build.0 = Release|Any CPU
		{450F3D85-57C0-4F12-80B4-4084B69D2143}.Release|x64.ActiveCfg = Release|x64
		{450F3D85-57C0-4F12-80B4-4084B69D2143}.Release|x64.Build.0 = Release|x64
		{34EA7ABD-18B4-4695-802F-B069CA989040}.Debug|Any CPU.ActiveCfg = Debug|Any CPU
		{34EA7ABD-18B4-4695-802F-B069CA989040}.Debug|Any CPU.Build.0 = Debug|Any CPU
		{34EA7ABD-18B4-4695-802F-B069CA989040}.Debug|x64.ActiveCfg = Debug|Any CPU
		{34EA7ABD-18B4-4695-802F-B069CA989040}.Debug|x64.Build.0 = Debug|Any CPU
		{34EA7ABD-18B4-4695-802F-B069CA989040}.Release|Any CPU.ActiveCfg = Release|Any CPU
		{34EA7ABD-18B4-4695-802F-B069CA989040}.Release|Any CPU.Build.0 = Release|Any CPU
		{34EA7ABD-18B4-4695-802F-B069CA989040}.Release|x64.ActiveCfg = Release|Any CPU
		{34EA7ABD-18B4-4695-802F-B069CA989040}.Release|x64.Build.0 = Release|Any CPU
		{6DA826CB-9332-4B37-9466-E711494FBD62}.Debug|Any CPU.ActiveCfg = Debug|Any CPU
		{6DA826CB-9332-4B37-9466-E711494FBD62}.Debug|Any CPU.Build.0 = Debug|Any CPU
		{6DA826CB-9332-4B37-9466-E711494FBD62}.Debug|x64.ActiveCfg = Debug|Any CPU
		{6DA826CB-9332-4B37-9466-E711494FBD62}.Debug|x64.Build.0 = Debug|Any CPU
		{6DA826CB-9332-4B37-9466-E711494FBD62}.Release|Any CPU.ActiveCfg = Release|Any CPU
		{6DA826CB-9332-4B37-9466-E711494FBD62}.Release|Any CPU.Build.0 = Release|Any CPU
		{6DA826CB-9332-4B37-9466-E711494FBD62}.Release|x64.ActiveCfg = Release|Any CPU
		{6DA826CB-9332-4B37-9466-E711494FBD62}.Release|x64.Build.0 = Release|Any CPU
	EndGlobalSection
	GlobalSection(SolutionProperties) = preSolution
		HideSolutionNode = FALSE
	EndGlobalSection
	GlobalSection(ExtensibilityGlobals) = postSolution
		SolutionGuid = {A5968042-A022-413C-AC69-F9E3ECACB0D9}
	EndGlobalSection
EndGlobal
